{
    "_readme": [
        "This file locks the dependencies of your project to a known state",
        "Read more about it at https://getcomposer.org/doc/01-basic-usage.md#installing-dependencies",
        "This file is @generated automatically"
    ],
    "content-hash": "8fcb7575716cd1938440df8aff90222d",
    "packages": [
        {
            "name": "aurora-project/reflection",
            "version": "1.0.0",
            "source": {
                "type": "git",
                "url": "https://github.com/aurora-php/reflection.git",
                "reference": "85ab325f161d3f7a474dd2eb207dd4e7a4d98dbd"
            },
            "dist": {
                "type": "zip",
                "url": "https://api.github.com/repos/aurora-php/reflection/zipball/85ab325f161d3f7a474dd2eb207dd4e7a4d98dbd",
                "reference": "85ab325f161d3f7a474dd2eb207dd4e7a4d98dbd",
                "shasum": ""
            },
            "require": {
                "php": ">=8.1.0"
            },
            "type": "library",
            "autoload": {
                "psr-4": {
                    "Aurora\\": "src/"
                }
            },
            "notification-url": "https://packagist.org/downloads/",
            "license": [
                "MIT"
            ],
            "authors": [
                {
                    "name": "Tentifly",
                    "homepage": "https://tentifly.com"
                }
            ],
            "description": "Reflection utilities",
            "homepage": "https://github.com/aurora-php",
            "keywords": [
                "aurora",
                "reflection"
            ],
            "support": {
                "issues": "https://github.com/aurora-php/reflection/issues",
                "source": "https://github.com/aurora-php/reflection/tree/1.0.0"
            },
            "time": "2022-04-24T20:32:49+00:00"
        },
        {
            "name": "psr/container",
            "version": "2.0.2",
            "source": {
                "type": "git",
                "url": "https://github.com/php-fig/container.git",
                "reference": "c71ecc56dfe541dbd90c5360474fbc405f8d5963"
            },
            "dist": {
                "type": "zip",
                "url": "https://api.github.com/repos/php-fig/container/zipball/c71ecc56dfe541dbd90c5360474fbc405f8d5963",
                "reference": "c71ecc56dfe541dbd90c5360474fbc405f8d5963",
                "shasum": ""
            },
            "require": {
                "php": ">=7.4.0"
            },
            "type": "library",
            "extra": {
                "branch-alias": {
                    "dev-master": "2.0.x-dev"
                }
            },
            "autoload": {
                "psr-4": {
                    "Psr\\Container\\": "src/"
                }
            },
            "notification-url": "https://packagist.org/downloads/",
            "license": [
                "MIT"
            ],
            "authors": [
                {
                    "name": "PHP-FIG",
                    "homepage": "https://www.php-fig.org/"
                }
            ],
            "description": "Common Container Interface (PHP FIG PSR-11)",
            "homepage": "https://github.com/php-fig/container",
            "keywords": [
                "PSR-11",
                "container",
                "container-interface",
                "container-interop",
                "psr"
            ],
            "support": {
                "issues": "https://github.com/php-fig/container/issues",
                "source": "https://github.com/php-fig/container/tree/2.0.2"
            },
            "time": "2021-11-05T16:47:00+00:00"
        }
    ],
    "packages-dev": [],
    "aliases": [],
    "minimum-stability": "stable",
    "stability-flags": [],
    "prefer-stable": false,
    "prefer-lowest": false,
    "platform": {
        "php": ">=8.1.0"
    },
    "platform-dev": [],
    "plugin-api-version": "2.2.0"
}
